
Microsoft Visual Studio Solution File, Format Version 12.00
# Visual Studio Version 16
VisualStudioVersion = 16.0.31702.278
MinimumVisualStudioVersion = 10.0.40219.1
Project("{FAE04EC0-301F-11D3-BF4B-00C04F79EFBC}") = "InheritanceProj", "InheritanceProj\InheritanceProj.csproj", "{BBC0D288-59BE-4281-9AB6-0201A22CA8AD}"
EndProject
Global
	GlobalSection(SolutionConfigurationPlatforms) = preSolution
		Debug|Any CPU = Debug|Any CPU
		Release|Any CPU = Release|Any CPU
	EndGlobalSection
	GlobalSection(ProjectConfigurationPlatforms) = postSolution
		{BBC0D288-59BE-4281-9AB6-0201A22CA8AD}.Debug|Any CPU.ActiveCfg = Debug|Any CPU
		{BBC0D288-59BE-4281-9AB6-0201A22CA8AD}.Debug|Any CPU.Build.0 = Debug|Any CPU
		{BBC0D288-59BE-4281-9AB6-0201A22CA8AD}.Release|Any CPU.ActiveCfg = Release|Any CPU
		{BBC0D288-59BE-4281-9AB6-0201A22CA8AD}.Release|Any CPU.Build.0 = Release|Any CPU
	EndGlobalSection
	GlobalSection(SolutionProperties) = preSolution
		HideSolutionNode = FALSE
	EndGlobalSection
	GlobalSection(ExtensibilityGlobals) = postSolution
		SolutionGuid = {CD74454D-862F-4D89-A83A-C4D28F0CFD90}
	EndGlobalSection
EndGlobal
